{
  "originHash" : "718050dadbcb40862521e9d4f6332a4d932f4c3218506184f942aef0a6bdef06",
  "pins" : [
    {
      "identity" : "framework-sdk-spalla-ios",
      "kind" : "remoteSourceControl",
      "location" : "https://github.com/taghos/framework-sdk-spalla-iOS",
      "state" : {
        "revision" : "e6382705c8040ce6df0491c1c8b59a56236b7d3b",
        "version" : "2.1.1"
      }
    },
    {
      "identity" : "google-cast-sdk",
      "kind" : "remoteSourceControl",
      "location" : "https://github.com/SRGSSR/google-cast-sdk.git",
      "state" : {
        "revision" : "3aeee2495b3bb03737d5105dbf21afdd6b267658",
        "version" : "4.8.3"
      }
    },
    {
      "identity" : "theoplayer-sdk-apple",
      "kind" : "remoteSourceControl",
      "location" : "https://github.com/THEOplayer/theoplayer-sdk-apple.git",
      "state" : {
        "revision" : "6eae91b2c9dc7a0a3bd3ac04f80f3d96e9a35558",
        "version" : "9.8.2"
      }
    }
  ],
  "version" : 3
}
