{
  "originHash" : "3cd499ecf4210ddd1b9b806acf6ba4fb9d958bbb468106756aff0df181e877ed",
  "pins" : [
    {
      "identity" : "google-cast-sdk",
      "kind" : "remoteSourceControl",
      "location" : "https://github.com/SRGSSR/google-cast-sdk.git",
      "state" : {
        "revision" : "3aeee2495b3bb03737d5105dbf21afdd6b267658",
        "version" : "4.8.3"
      }
    },
    {
      "identity" : "spalla-sdk-ios",
      "kind" : "remoteSourceControl",
      "location" : "https://github.com/rojas/spalla-sdk-ios",
      "state" : {
        "revision" : "ebf36af99cc17c19150d31875b87865948962a30",
        "version" : "2.0.1"
      }
    },
    {
      "identity" : "theoplayer-sdk-apple",
      "kind" : "remoteSourceControl",
      "location" : "https://github.com/THEOplayer/theoplayer-sdk-apple.git",
      "state" : {
        "revision" : "398a0ccf6e772a9f630584a4b2a387dce605160a",
        "version" : "9.5.1"
      }
    }
  ],
  "version" : 3
}
